<?xml version="1.0" encoding="utf-8"?>
<Project ToolsVersion="4.0" xmlns="http://schemas.microsoft.com/developer/msbuild/2003">
  <ItemGroup>
    <Filter Include="Source Files">
      <UniqueIdentifier>{4FC737F1-C7A5-4376-A066-2A32D752A2FF}</UniqueIdentifier>
      <Extensions>cpp;c;cc;cxx;def;odl;idl;hpj;bat;asm;asmx</Extensions>
    </Filter>
    <Filter Include="Header Files">
      <UniqueIdentifier>{93995380-89BD-4b04-88EB-625FBE52EBFB}</UniqueIdentifier>
      <Extensions>h;hpp;hxx;hm;inl;inc;xsd</Extensions>
    </Filter>
    <Filter Include="Resource Files">
      <UniqueIdentifier>{67DA6AB6-F800-4c08-8B7A-83BB121AAD01}</UniqueIdentifier>
      <Extensions>rc;ico;cur;bmp;dlg;rc2;rct;bin;rgs;gif;jpg;jpeg;jpe;resx;tiff;tif;png;wav</Extensions>
    </Filter>
  </ItemGroup>
  <ItemGroup>
    <ClCompile Include="..\..\Quake\src\core\async.c">
      <Filter>Source Files</Filter>
    </ClCompile>
    <ClCompile Include="..\..\Quake\src\audio\bgmusic.c">
      <Filter>Source Files</Filter>
    </ClCompile>
    <ClCompile Include="..\..\Quake\src\thirdparty\bc7enc.c">
      <Filter>Source Files</Filter>
    </ClCompile>
    <ClCompile Include="..\..\Quake\src\core\cfgfile.c">
      <Filter>Source Files</Filter>
    </ClCompile>
    <ClCompile Include="..\..\Quake\src\client\chase.c">
      <Filter>Source Files</Filter>
    </ClCompile>
    <ClCompile Include="..\..\Quake\src\client\cl_demo.c">
      <Filter>Source Files</Filter>
    </ClCompile>
    <ClCompile Include="..\..\Quake\src\client\cl_input.c">
      <Filter>Source Files</Filter>
    </ClCompile>
    <ClCompile Include="..\..\Quake\src\client\cl_iwmusic.c">
      <Filter>Source Files</Filter>
    </ClCompile>
    <ClCompile Include="..\..\Quake\src\client\cl_main.c">
      <Filter>Source Files</Filter>
    </ClCompile>
    <ClCompile Include="..\..\Quake\src\client\cl_parse.c">
      <Filter>Source Files</Filter>
    </ClCompile>
    <ClCompile Include="..\..\Quake\src\client\cl_postfx.c">
      <Filter>Source Files</Filter>
    </ClCompile>
    <ClCompile Include="..\..\Quake\src\client\cl_tent.c">
      <Filter>Source Files</Filter>
    </ClCompile>
    <ClCompile Include="..\..\Quake\src\core\cmd.c">
      <Filter>Source Files</Filter>
    </ClCompile>
    <ClCompile Include="..\..\Quake\src\core\common.c">
      <Filter>Source Files</Filter>
    </ClCompile>
    <ClCompile Include="..\..\Quake\src\core\console.c">
      <Filter>Source Files</Filter>
    </ClCompile>
    <ClCompile Include="..\..\Quake\src\core\crc.c">
      <Filter>Source Files</Filter>
    </ClCompile>
    <ClCompile Include="..\..\Quake\src\core\cvar.c">
      <Filter>Source Files</Filter>
    </ClCompile>
    <ClCompile Include="..\..\Quake\src\render\gl_draw.c">
      <Filter>Source Files</Filter>
    </ClCompile>
    <ClCompile Include="..\..\Quake\src\render\gl_fog.c">
      <Filter>Source Files</Filter>
    </ClCompile>
    <ClCompile Include="..\..\Quake\src\render\gl_lightgrid.c">
      <Filter>Source Files</Filter>
    </ClCompile>
    <ClCompile Include="..\..\Quake\src\render\gl_mesh.c">
      <Filter>Source Files</Filter>
    </ClCompile>
    <ClCompile Include="..\..\Quake\src\render\gl_model.c">
      <Filter>Source Files</Filter>
    </ClCompile>
    <ClCompile Include="..\..\Quake\src\render\gl_refrag.c">
      <Filter>Source Files</Filter>
    </ClCompile>
    <ClCompile Include="..\..\Quake\src\render\gl_rlight.c">
      <Filter>Source Files</Filter>
    </ClCompile>
    <ClCompile Include="..\..\Quake\src\render\gl_dlight.c">
      <Filter>Source Files</Filter>
    </ClCompile>
    <ClCompile Include="..\..\Quake\src\render\gl_oit.c">
      <Filter>Source Files</Filter>
    </ClCompile>
    <ClCompile Include="..\..\Quake\src\render\gl_shadow.c">
      <Filter>Source Files</Filter>
    </ClCompile>
    <ClCompile Include="..\..\Quake\src\render\gl_shadow_runtime.c">
      <Filter>Source Files</Filter>
    </ClCompile>
    <ClCompile Include="..\..\Quake\src\render\gl_rmain.c">
      <Filter>Source Files</Filter>
    </ClCompile>
    <ClCompile Include="..\..\Quake\src\render\gl_rmisc.c">
      <Filter>Source Files</Filter>
    </ClCompile>
    <ClCompile Include="..\..\Quake\src\render\r_skyvis.c">
      <Filter>Source Files</Filter>
    </ClCompile>
    <ClCompile Include="..\..\Quake\src\render\r_decals.c">
      <Filter>Source Files</Filter>
    </ClCompile>
    <ClCompile Include="..\..\Quake\src\render\gl_screen.c">
      <Filter>Source Files</Filter>
    </ClCompile>
    <ClCompile Include="..\..\Quake\src\render\gl_sky.c">
      <Filter>Source Files</Filter>
    </ClCompile>
    <ClCompile Include="..\..\Quake\src\render\gl_texmgr.c">
      <Filter>Source Files</Filter>
    </ClCompile>
    <ClCompile Include="..\..\Quake\src\render\gl_ktx2.c">
      <Filter>Source Files</Filter>
    </ClCompile>
    <ClCompile Include="..\..\Quake\src\assets\ktx2_write.c">
      <Filter>Source Files</Filter>
    </ClCompile>
    <ClCompile Include="..\..\Quake\src\platform\gl_vidsdl.c">
      <Filter>Source Files</Filter>
    </ClCompile>
    <ClCompile Include="..\..\Quake\src\render\gl_warp.c">
      <Filter>Source Files</Filter>
    </ClCompile>
    <ClCompile Include="..\..\common\lightgrid.c">
      <Filter>Source Files</Filter>
    </ClCompile>
    <ClCompile Include="..\..\Quake\src\core\host.c">
      <Filter>Source Files</Filter>
    </ClCompile>
    <ClCompile Include="..\..\Quake\src\core\host_cmd.c">
      <Filter>Source Files</Filter>
    </ClCompile>
    <ClCompile Include="..\..\Quake\src\bot\bot_main.c">
      <Filter>Source Files</Filter>
    </ClCompile>
    <ClCompile Include="..\..\Quake\src\bot\bot_ai.c">
      <Filter>Source Files</Filter>
    </ClCompile>
    <ClCompile Include="..\..\Quake\src\bot\bot_combat.c">
      <Filter>Source Files</Filter>
    </ClCompile>
    <ClCompile Include="..\..\Quake\src\bot\bot_nav2.c">
      <Filter>Source Files</Filter>
    </ClCompile>
    <ClCompile Include="..\..\Quake\src\assets\image.c">
      <Filter>Source Files</Filter>
    </ClCompile>
    <ClCompile Include="..\..\Quake\src\platform\in_sdl.c">
      <Filter>Source Files</Filter>
    </ClCompile>
    <ClCompile Include="..\..\Quake\src\ui\keys.c">
      <Filter>Source Files</Filter>
    </ClCompile>
    <ClCompile Include="..\..\Quake\src\platform\main_sdl.c">
      <Filter>Source Files</Filter>
    </ClCompile>
    <ClCompile Include="..\..\Quake\src\core\mathlib.c">
      <Filter>Source Files</Filter>
    </ClCompile>
    <ClCompile Include="..\..\Quake\src\render\mat_material.c">
      <Filter>Source Files</Filter>
    </ClCompile>
    <ClCompile Include="..\..\Quake\src\render\mat_material_parse.c">
      <Filter>Source Files</Filter>
    </ClCompile>
    <ClCompile Include="..\..\Quake\src\ui\menu.c">
      <Filter>Source Files</Filter>
    </ClCompile>
    <ClCompile Include="..\..\Quake\src\thirdparty\miniz.c">
      <Filter>Source Files</Filter>
    </ClCompile>
    <ClCompile Include="..\..\Quake\src\network\net_dgrm.c">
      <Filter>Source Files</Filter>
    </ClCompile>
    <ClCompile Include="..\..\Quake\src\network\net_loop.c">
      <Filter>Source Files</Filter>
    </ClCompile>
    <ClCompile Include="..\..\Quake\src\network\net_main.c">
      <Filter>Source Files</Filter>
    </ClCompile>
    <ClCompile Include="..\..\Quake\src\network\net_win.c">
      <Filter>Source Files</Filter>
    </ClCompile>
    <ClCompile Include="..\..\Quake\src\network\net_wins.c">
      <Filter>Source Files</Filter>
    </ClCompile>
    <ClCompile Include="..\..\Quake\src\network\net_wipx.c">
      <Filter>Source Files</Filter>
    </ClCompile>
    <ClCompile Include="..\..\Quake\src\platform\pl_win.c">
      <Filter>Source Files</Filter>
    </ClCompile>
    <ClCompile Include="..\..\Quake\src\gamecode\pr_cmds.c">
      <Filter>Source Files</Filter>
    </ClCompile>
    <ClCompile Include="..\..\Quake\src\gamecode\pr_edict.c">
      <Filter>Source Files</Filter>
    </ClCompile>
    <ClCompile Include="..\..\Quake\src\gamecode\pr_exec.c">
      <Filter>Source Files</Filter>
    </ClCompile>
    <ClCompile Include="..\..\Quake\src\physics\phys_interact.c">
      <Filter>Source Files</Filter>
    </ClCompile>
    <ClCompile Include="..\..\Quake\src\render\r_entitylight.c">
      <Filter>Source Files</Filter>
    </ClCompile>
    <ClCompile Include="..\..\Quake\src\render\r_alias.c">
      <Filter>Source Files</Filter>
    </ClCompile>
    <ClCompile Include="..\..\Quake\src\render\r_brush.c">
      <Filter>Source Files</Filter>
    </ClCompile>
    <ClCompile Include="..\..\Quake\src\render\r_dlight_pool.c">
      <Filter>Source Files</Filter>
    </ClCompile>
    <ClCompile Include="..\..\Quake\src\render\r_framegraph.c">
      <Filter>Source Files</Filter>
    </ClCompile>
    <ClCompile Include="..\..\Quake\src\render\r_passes.c">
      <Filter>Source Files</Filter>
    </ClCompile>
    <ClCompile Include="..\..\Quake\src\render\r_quality.c">
      <Filter>Source Files</Filter>
    </ClCompile>
    <ClCompile Include="..\..\Quake\src\render\r_sanitize.c">
      <Filter>Source Files</Filter>
    </ClCompile>
    <ClCompile Include="..\..\Quake\src\render\r_postfx.c">
      <Filter>Source Files</Filter>
    </ClCompile>
    <ClCompile Include="..\..\Quake\src\render\r_realtimelight.c">
      <Filter>Source Files</Filter>
    </ClCompile>
    <ClCompile Include="..\..\Quake\src\render\r_ssao.c">
      <Filter>Source Files</Filter>
    </ClCompile>
    <ClCompile Include="..\..\Quake\src\render\r_part.c">
      <Filter>Source Files</Filter>
    </ClCompile>
    <ClCompile Include="..\..\Quake\src\render\r_part_q3p.c">
      <Filter>Source Files</Filter>
    </ClCompile>
    <ClCompile Include="..\..\Quake\src\render\r_sprite.c">
      <Filter>Source Files</Filter>
    </ClCompile>
    <ClCompile Include="..\..\Quake\src\render\r_tonemap.c">
      <Filter>Source Files</Filter>
    </ClCompile>
    <ClCompile Include="..\..\Quake\src\render\r_world.c">
      <Filter>Source Files</Filter>
    </ClCompile>
    <ClCompile Include="..\..\Quake\src\ui\sbar.c">
      <Filter>Source Files</Filter>
    </ClCompile>
    <ClCompile Include="..\..\Quake\src\audio\snd_codec.c">
      <Filter>Source Files</Filter>
    </ClCompile>
    <ClCompile Include="..\..\Quake\src\audio\snd_dma.c">
      <Filter>Source Files</Filter>
    </ClCompile>
    <ClCompile Include="..\..\Quake\src\audio\snd_flac.c">
      <Filter>Source Files</Filter>
    </ClCompile>
    <ClCompile Include="..\..\Quake\src\audio\snd_mem.c">
      <Filter>Source Files</Filter>
    </ClCompile>
    <ClCompile Include="..\..\Quake\src\audio\snd_mikmod.c">
      <Filter>Source Files</Filter>
    </ClCompile>
    <ClCompile Include="..\..\Quake\src\audio\snd_mix.c">
      <Filter>Source Files</Filter>
    </ClCompile>
    <ClCompile Include="..\..\Quake\src\audio\snd_mp3.c">
      <Filter>Source Files</Filter>
    </ClCompile>
    <ClCompile Include="..\..\Quake\src\audio\snd_mp3tag.c">
      <Filter>Source Files</Filter>
    </ClCompile>
    <ClCompile Include="..\..\Quake\src\audio\snd_opus.c">
      <Filter>Source Files</Filter>
    </ClCompile>
    <ClCompile Include="..\..\Quake\src\audio\snd_sdl.c">
      <Filter>Source Files</Filter>
    </ClCompile>
    <ClCompile Include="..\..\Quake\src\audio\snd_umx.c">
      <Filter>Source Files</Filter>
    </ClCompile>
    <ClCompile Include="..\..\Quake\src\audio\snd_vorbis.c">
      <Filter>Source Files</Filter>
    </ClCompile>
    <ClCompile Include="..\..\Quake\src\audio\snd_wave.c">
      <Filter>Source Files</Filter>
    </ClCompile>
    <ClCompile Include="..\..\Quake\src\audio\snd_xmp.c">
      <Filter>Source Files</Filter>
    </ClCompile>
    <ClCompile Include="..\..\Quake\src\core\strlcat.c">
      <Filter>Source Files</Filter>
    </ClCompile>
    <ClCompile Include="..\..\Quake\src\core\strlcpy.c">
      <Filter>Source Files</Filter>
    </ClCompile>
    <ClCompile Include="..\..\Quake\src\server\sv_main.c">
      <Filter>Source Files</Filter>
    </ClCompile>
    <ClCompile Include="..\..\Quake\src\server\sv_move.c">
      <Filter>Source Files</Filter>
    </ClCompile>
    <ClCompile Include="..\..\Quake\src\server\sv_phys.c">
      <Filter>Source Files</Filter>
    </ClCompile>
    <ClCompile Include="..\..\Quake\src\server\sv_user.c">
      <Filter>Source Files</Filter>
    </ClCompile>
    <ClCompile Include="..\..\Quake\src\platform\sys_sdl_win.c">
      <Filter>Source Files</Filter>
    </ClCompile>
    <ClCompile Include="..\..\Quake\src\client\view.c">
      <Filter>Source Files</Filter>
    </ClCompile>
    <ClCompile Include="..\..\Quake\src\assets\wad.c">
      <Filter>Source Files</Filter>
    </ClCompile>
    <ClCompile Include="..\..\Quake\src\server\world.c">
      <Filter>Source Files</Filter>
    </ClCompile>
    <ClCompile Include="..\..\Quake\src\core\zone.c">
      <Filter>Source Files</Filter>
    </ClCompile>
    <ClCompile Include="..\..\Quake\src\render\gl_shaders.c">
      <Filter>Source Files</Filter>
    </ClCompile>
    <ClCompile Include="..\..\Quake\src\core\steam.c">
      <Filter>Source Files</Filter>
    </ClCompile>
    <ClCompile Include="..\..\Quake\src\audio\snd_modplug.c">
      <Filter>Source Files</Filter>
    </ClCompile>
    <ClCompile Include="..\..\Quake\src\audio\sounddef_registry.c">
      <Filter>Source Files</Filter>
    </ClCompile>
    <ClCompile Include="..\..\Quake\src\audio\sounddef_parser.c">
      <Filter>Source Files</Filter>
    </ClCompile>
    <ClCompile Include="..\..\Quake\src\core\quakedef.c">
      <Filter>Source Files</Filter>
    </ClCompile>
    <ClCompile Include="..\..\Quake\src\assets\json.c">
      <Filter>Source Files</Filter>
    </ClCompile>
    <ClCompile Include="..\..\Quake\src\platform\sys_sdl_unix.c">
      <Filter>Source Files</Filter>
    </ClCompile>
    <ClCompile Include="..\..\Quake\src\platform\pl_linux.c">
      <Filter>Source Files</Filter>
    </ClCompile>
    <ClCompile Include="..\..\Quake\src\audio\cd_null.c">
      <Filter>Source Files</Filter>
    </ClCompile>
    <ClCompile Include="..\..\Quake\src\audio\snd_mpg123.c">
      <Filter>Source Files</Filter>
    </ClCompile>
    <ClCompile Include="..\..\Quake\src\render\gl_backend.c">
      <Filter>Source Files</Filter>
    </ClCompile>
    <ClCompile Include="..\..\Quake\src\render\r_backend.c">
      <Filter>Source Files</Filter>
    </ClCompile>
  </ItemGroup>
  <ItemGroup>
    <ClInclude Include="..\..\Quake\include\anorms.h">
      <Filter>Header Files</Filter>
    </ClInclude>
    <ClInclude Include="..\..\Quake\include\bc7enc.h">
      <Filter>Header Files</Filter>
    </ClInclude>
    <ClInclude Include="..\..\Quake\include\arch_def.h">
      <Filter>Header Files</Filter>
    </ClInclude>
    <ClInclude Include="..\..\Quake\include\bgmusic.h">
      <Filter>Header Files</Filter>
    </ClInclude>
    <ClInclude Include="..\..\Quake\include\bspfile.h">
      <Filter>Header Files</Filter>
    </ClInclude>
    <ClInclude Include="..\..\Quake\include\cdaudio.h">
      <Filter>Header Files</Filter>
    </ClInclude>
    <ClInclude Include="..\..\Quake\include\client.h">
      <Filter>Header Files</Filter>
    </ClInclude>
    <ClInclude Include="..\..\Quake\include\cmd.h">
      <Filter>Header Files</Filter>
    </ClInclude>
    <ClInclude Include="..\..\Quake\include\common.h">
      <Filter>Header Files</Filter>
    </ClInclude>
    <ClInclude Include="..\..\Quake\include\console.h">
      <Filter>Header Files</Filter>
    </ClInclude>
    <ClInclude Include="..\..\Quake\include\crc.h">
      <Filter>Header Files</Filter>
    </ClInclude>
    <ClInclude Include="..\..\Quake\include\cfgfile.h">
      <Filter>Header Files</Filter>
    </ClInclude>
    <ClInclude Include="..\..\Quake\include\cvar.h">
      <Filter>Header Files</Filter>
    </ClInclude>
    <ClInclude Include="..\..\Quake\include\draw.h">
      <Filter>Header Files</Filter>
    </ClInclude>
    <ClInclude Include="..\..\Quake\include\gl_lightgrid.h">
      <Filter>Header Files</Filter>
    </ClInclude>
    <ClInclude Include="..\..\Quake\include\gl_model.h">
      <Filter>Header Files</Filter>
    </ClInclude>
    <ClInclude Include="..\..\Quake\include\gl_texmgr.h">
      <Filter>Header Files</Filter>
    </ClInclude>
    <ClInclude Include="..\..\Quake\include\glquake.h">
      <Filter>Header Files</Filter>
    </ClInclude>
    <ClInclude Include="..\..\Quake\include\image.h">
      <Filter>Header Files</Filter>
    </ClInclude>
    <ClInclude Include="..\..\Quake\include\input.h">
      <Filter>Header Files</Filter>
    </ClInclude>
    <ClInclude Include="..\..\Quake\include\keys.h">
      <Filter>Header Files</Filter>
    </ClInclude>
    <ClInclude Include="..\..\Quake\include\mathlib.h">
      <Filter>Header Files</Filter>
    </ClInclude>
    <ClInclude Include="..\..\Quake\include\mat_material.h">
      <Filter>Header Files</Filter>
    </ClInclude>
    <ClInclude Include="..\..\Quake\include\mat_material_parse.h">
      <Filter>Header Files</Filter>
    </ClInclude>
    <ClInclude Include="..\..\Quake\include\menu.h">
      <Filter>Header Files</Filter>
    </ClInclude>
    <ClInclude Include="..\..\Quake\include\miniz.h">
      <Filter>Header Files</Filter>
    </ClInclude>
    <ClInclude Include="..\..\Quake\include\modelgen.h">
      <Filter>Header Files</Filter>
    </ClInclude>
    <ClInclude Include="..\..\Quake\include\net.h">
      <Filter>Header Files</Filter>
    </ClInclude>
    <ClInclude Include="..\..\Quake\include\net_defs.h">
      <Filter>Header Files</Filter>
    </ClInclude>
    <ClInclude Include="..\..\Quake\include\phys_interact.h">
      <Filter>Header Files</Filter>
    </ClInclude>
    <ClInclude Include="..\..\Quake\include\net_dgrm.h">
      <Filter>Header Files</Filter>
    </ClInclude>
    <ClInclude Include="..\..\Quake\include\net_loop.h">
      <Filter>Header Files</Filter>
    </ClInclude>
    <ClInclude Include="..\..\Quake\include\net_sys.h">
      <Filter>Header Files</Filter>
    </ClInclude>
    <ClInclude Include="..\..\Quake\include\net_wins.h">
      <Filter>Header Files</Filter>
    </ClInclude>
    <ClInclude Include="..\..\Quake\include\net_wipx.h">
      <Filter>Header Files</Filter>
    </ClInclude>
    <ClInclude Include="..\..\Quake\include\platform.h">
      <Filter>Header Files</Filter>
    </ClInclude>
    <ClInclude Include="..\..\Quake\include\pr_comp.h">
      <Filter>Header Files</Filter>
    </ClInclude>
    <ClInclude Include="..\..\Quake\include\progdefs.h">
      <Filter>Header Files</Filter>
    </ClInclude>
    <ClInclude Include="..\..\Quake\include\progs.h">
      <Filter>Header Files</Filter>
    </ClInclude>
    <ClInclude Include="..\..\Quake\include\protocol.h">
      <Filter>Header Files</Filter>
    </ClInclude>
    <ClInclude Include="..\..\Quake\include\q_stdinc.h">
      <Filter>Header Files</Filter>
    </ClInclude>
    <ClInclude Include="..\..\Quake\include\qs_bmp.h">
      <Filter>Header Files</Filter>
    </ClInclude>
    <ClInclude Include="..\..\Quake\include\quakedef.h">
      <Filter>Header Files</Filter>
    </ClInclude>
    <ClInclude Include="..\..\Quake\include\render.h">
      <Filter>Header Files</Filter>
    </ClInclude>
    <ClInclude Include="..\..\Quake\include\r_realtimelight.h">
      <Filter>Header Files</Filter>
    </ClInclude>
    <ClInclude Include="..\..\Quake\include\r_dlight_pool.h">
      <Filter>Header Files</Filter>
    </ClInclude>
    <ClInclude Include="..\..\Quake\include\resource.h">
      <Filter>Header Files</Filter>
    </ClInclude>
    <ClInclude Include="..\..\Quake\include\sbar.h">
      <Filter>Header Files</Filter>
    </ClInclude>
    <ClInclude Include="..\..\Quake\include\screen.h">
      <Filter>Header Files</Filter>
    </ClInclude>
    <ClInclude Include="..\..\Quake\include\sidebar.h">
      <Filter>Header Files</Filter>
    </ClInclude>
    <ClInclude Include="..\..\Quake\include\server.h">
      <Filter>Header Files</Filter>
    </ClInclude>
    <ClInclude Include="..\..\Quake\include\q_sound.h">
      <Filter>Header Files</Filter>
    </ClInclude>
    <ClInclude Include="..\..\Quake\include\snd_codec.h">
      <Filter>Header Files</Filter>
    </ClInclude>
    <ClInclude Include="..\..\Quake\include\snd_codeci.h">
      <Filter>Header Files</Filter>
    </ClInclude>
    <ClInclude Include="..\..\Quake\include\snd_flac.h">
      <Filter>Header Files</Filter>
    </ClInclude>
    <ClInclude Include="..\..\Quake\include\snd_mikmod.h">
      <Filter>Header Files</Filter>
    </ClInclude>
    <ClInclude Include="..\..\Quake\include\snd_mp3.h">
      <Filter>Header Files</Filter>
    </ClInclude>
    <ClInclude Include="..\..\Quake\include\snd_opus.h">
      <Filter>Header Files</Filter>
    </ClInclude>
    <ClInclude Include="..\..\Quake\include\sounddef.h">
      <Filter>Header Files</Filter>
    </ClInclude>
    <ClInclude Include="..\..\Quake\include\snd_umx.h">
      <Filter>Header Files</Filter>
    </ClInclude>
    <ClInclude Include="..\..\Quake\include\snd_vorbis.h">
      <Filter>Header Files</Filter>
    </ClInclude>
    <ClInclude Include="..\..\Quake\include\snd_wave.h">
      <Filter>Header Files</Filter>
    </ClInclude>
    <ClInclude Include="..\..\Quake\include\snd_xmp.h">
      <Filter>Header Files</Filter>
    </ClInclude>
    <ClInclude Include="..\..\Quake\include\spritegn.h">
      <Filter>Header Files</Filter>
    </ClInclude>
    <ClInclude Include="..\..\Quake\include\strl_fn.h">
      <Filter>Header Files</Filter>
    </ClInclude>
    <ClInclude Include="..\..\Quake\include\sys.h">
      <Filter>Header Files</Filter>
    </ClInclude>
    <ClInclude Include="..\..\Quake\include\vid.h">
      <Filter>Header Files</Filter>
    </ClInclude>
    <ClInclude Include="..\..\Quake\include\view.h">
      <Filter>Header Files</Filter>
    </ClInclude>
    <ClInclude Include="..\..\Quake\include\wad.h">
      <Filter>Header Files</Filter>
    </ClInclude>
    <ClInclude Include="..\..\Quake\include\bot_main.h">
      <Filter>Header Files</Filter>
    </ClInclude>
    <ClInclude Include="..\..\Quake\include\bot_ai.h">
      <Filter>Header Files</Filter>
    </ClInclude>
    <ClInclude Include="..\..\Quake\include\bot_combat.h">
      <Filter>Header Files</Filter>
    </ClInclude>
    <ClInclude Include="..\..\Quake\include\bot_nav2.h">
      <Filter>Header Files</Filter>
    </ClInclude>
    <ClInclude Include="..\..\Quake\include\world.h">
      <Filter>Header Files</Filter>
    </ClInclude>
    <ClInclude Include="..\..\Quake\include\wsaerror.h">
      <Filter>Header Files</Filter>
    </ClInclude>
    <ClInclude Include="..\..\Quake\include\zone.h">
      <Filter>Header Files</Filter>
    </ClInclude>
    <ClInclude Include="..\..\Quake\include\steam.h">
      <Filter>Header Files</Filter>
    </ClInclude>
    <ClInclude Include="..\..\Quake\include\snd_modplug.h">
      <Filter>Header Files</Filter>
    </ClInclude>
    <ClInclude Include="..\..\Quake\include\json.h">
      <Filter>Header Files</Filter>
    </ClInclude>
    <ClInclude Include="..\..\Quake\include\jsmn.h">
      <Filter>Header Files</Filter>
    </ClInclude>
    <ClInclude Include="..\..\Quake\include\gl_backend.h">
      <Filter>Header Files</Filter>
    </ClInclude>
    <ClInclude Include="..\..\Quake\include\r_backend.h">
      <Filter>Header Files</Filter>
    </ClInclude>
  </ItemGroup>
  <ItemGroup>
    <ResourceCompile Include="..\QuakeSpasm.rc">
      <Filter>Resource Files</Filter>
    </ResourceCompile>
  </ItemGroup>
  <ItemGroup>
    <Natvis Include="ironwail.natvis" />
  </ItemGroup>
  <ItemGroup>
    <CopyFileToFolders Include="..\..\Quake\ironwail.pak">
      <Filter>Resource Files</Filter>
    </CopyFileToFolders>
  </ItemGroup>
</Project>
