<?xml version="1.0" encoding="UTF-8" standalone="yes" ?>
<CodeBlocks_project_file>
	<FileVersion major="1" minor="6" />
	<Project>
		<Option title="QuakeSpasm-SDL2" />
		<Option pch_mode="2" />
		<Option compiler="gcc" />
		<Build>
			<Target title="Debug">
				<Option output="bin\Debug\quakespasm-sdl2" prefix_auto="1" extension_auto="1" />
				<Option object_output="obj\Debug\SDL2\" />
				<Option type="0" />
				<Option compiler="gcc" />
				<Option parameters="-window -basedir C:\QuakeSpasm" />
				<Compiler>
					<Add option="-g" />
				</Compiler>
			</Target>
			<Target title="Release">
				<Option output="bin\Release\quakespasm-sdl2" prefix_auto="1" extension_auto="1" />
				<Option object_output="obj\Release\SDL2\" />
				<Option type="0" />
				<Option compiler="gcc" />
				<Option parameters="-window -basedir C:\QuakeSpasm" />
				<Compiler>
					<Add option="-O2" />
				</Compiler>
				<Linker>
					<Add option="-s" />
				</Linker>
			</Target>
		</Build>
		<Compiler>
			<Add option="-Wall" />
			<Add option="-DUSE_SDL2" />
			<Add option="-DUSE_CODEC_MP3" />
			<Add option="-DUSE_CODEC_VORBIS" />
			<Add option="-DUSE_CODEC_WAVE" />
			<Add option="-DUSE_CODEC_FLAC" />
			<Add option="-DUSE_CODEC_OPUS" />
			<Add option="-DUSE_CODEC_XMP" />
			<Add option="-DUSE_CODEC_UMX" />
			<Add directory="..\codecs\include" />
			<Add directory="..\SDL2\include" />
			<Add directory="..\..\Quake\include" />
		</Compiler>
		<Linker>
			<Add library="mingw32" />
			<Add library="SDL2main" />
			<Add library="SDL2" />
			<Add library="vorbisfile" />
			<Add library="vorbis" />
			<Add library="opusfile" />
			<Add library="opus" />
			<Add library="FLAC" />
			<Add library="ogg" />
			<Add library="mad" />
			<Add library="xmp" />
			<Add library="winmm" />
			<Add library="opengl32" />
			<Add library="wsock32" />
			<Add directory="..\codecs\x86" />
			<Add directory="..\SDL2\lib" />
		</Linker>
		<Unit filename="..\..\Quake\include\anorms.h" />
		<Unit filename="..\..\Quake\include\arch_def.h" />
		<Unit filename="..\..\Quake\src\audio\bgmusic.c">
			<Option compilerVar="CC" />
		</Unit>
		<Unit filename="..\..\Quake\include\bgmusic.h" />
		<Unit filename="..\..\Quake\include\bspfile.h" />
		<Unit filename="..\..\Quake\include\cdaudio.h" />
		<Unit filename="..\..\Quake\src\core\cfgfile.c">
			<Option compilerVar="CC" />
		</Unit>
		<Unit filename="..\..\Quake\include\cfgfile.h" />
		<Unit filename="..\..\Quake\src\client\chase.c">
			<Option compilerVar="CC" />
		</Unit>
		<Unit filename="..\..\Quake\src\client\cl_demo.c">
			<Option compilerVar="CC" />
		</Unit>
		<Unit filename="..\..\Quake\src\client\cl_input.c">
			<Option compilerVar="CC" />
		</Unit>
		<Unit filename="..\..\Quake\src\client\cl_main.c">
			<Option compilerVar="CC" />
		</Unit>
		<Unit filename="..\..\Quake\src\client\cl_parse.c">
			<Option compilerVar="CC" />
		</Unit>
		<Unit filename="..\..\Quake\src\client\cl_tent.c">
			<Option compilerVar="CC" />
		</Unit>
		<Unit filename="..\..\Quake\include\client.h" />
		<Unit filename="..\..\Quake\src\core\cmd.c">
			<Option compilerVar="CC" />
		</Unit>
		<Unit filename="..\..\Quake\include\cmd.h" />
		<Unit filename="..\..\Quake\src\core\common.c">
			<Option compilerVar="CC" />
		</Unit>
		<Unit filename="..\..\Quake\include\common.h" />
		<Unit filename="..\..\Quake\src\core\console.c">
			<Option compilerVar="CC" />
		</Unit>
		<Unit filename="..\..\Quake\include\console.h" />
		<Unit filename="..\..\Quake\src\core\crc.c">
			<Option compilerVar="CC" />
		</Unit>
		<Unit filename="..\..\Quake\include\crc.h" />
		<Unit filename="..\..\Quake\src\core\cvar.c">
			<Option compilerVar="CC" />
		</Unit>
		<Unit filename="..\..\Quake\include\cvar.h" />
		<Unit filename="..\..\Quake\include\draw.h" />
		<Unit filename="..\..\Quake\src\render\gl_draw.c">
			<Option compilerVar="CC" />
		</Unit>
		<Unit filename="..\..\Quake\src\render\gl_fog.c">
			<Option compilerVar="CC" />
		</Unit>
		<Unit filename="..\..\Quake\src\render\gl_mesh.c">
			<Option compilerVar="CC" />
		</Unit>
		<Unit filename="..\..\Quake\src\render\gl_model.c">
			<Option compilerVar="CC" />
		</Unit>
		<Unit filename="..\..\Quake\include\gl_model.h" />
		<Unit filename="..\..\Quake\src\render\gl_refrag.c">
			<Option compilerVar="CC" />
		</Unit>
		<Unit filename="..\..\Quake\src\render\gl_rlight.c">
			<Option compilerVar="CC" />
		</Unit>
		<Unit filename="..\..\Quake\src\render\gl_rmain.c">
			<Option compilerVar="CC" />
		</Unit>
		<Unit filename="..\..\Quake\src\render\gl_rmisc.c">
			<Option compilerVar="CC" />
		</Unit>
		<Unit filename="..\..\Quake\src\render\gl_screen.c">
			<Option compilerVar="CC" />
		</Unit>
		<Unit filename="..\..\Quake\src\render\gl_shaders.c">
			<Option compilerVar="CC" />
		</Unit>
		<Unit filename="..\..\Quake\src\render\gl_sky.c">
			<Option compilerVar="CC" />
		</Unit>
		<Unit filename="..\..\Quake\src\render\gl_texmgr.c">
			<Option compilerVar="CC" />
		</Unit>
		<Unit filename="..\..\Quake\include\gl_texmgr.h" />
		<Unit filename="..\..\Quake\src\platform\gl_vidsdl.c">
			<Option compilerVar="CC" />
		</Unit>
		<Unit filename="..\..\Quake\src\render\gl_warp.c">
			<Option compilerVar="CC" />
		</Unit>
		<Unit filename="..\..\Quake\include\glquake.h" />
		<Unit filename="..\..\Quake\src\core\host.c">
			<Option compilerVar="CC" />
		</Unit>
		<Unit filename="..\..\Quake\src\core\host_cmd.c">
			<Option compilerVar="CC" />
		</Unit>
		<Unit filename="..\..\Quake\src\assets\image.c">
			<Option compilerVar="CC" />
		</Unit>
		<Unit filename="..\..\Quake\include\image.h" />
		<Unit filename="..\..\Quake\src\platform\in_sdl.c">
			<Option compilerVar="CC" />
		</Unit>
		<Unit filename="..\..\Quake\include\input.h" />
		<Unit filename="..\..\Quake\src\ui\keys.c">
			<Option compilerVar="CC" />
		</Unit>
		<Unit filename="..\..\Quake\include\keys.h" />
		<Unit filename="..\..\Quake\src\platform\main_sdl.c">
			<Option compilerVar="CC" />
		</Unit>
		<Unit filename="..\..\Quake\src\core\mathlib.c">
			<Option compilerVar="CC" />
		</Unit>
		<Unit filename="..\..\Quake\include\mathlib.h" />
		<Unit filename="..\..\Quake\src\ui\menu.c">
			<Option compilerVar="CC" />
		</Unit>
		<Unit filename="..\..\Quake\include\menu.h" />
		<Unit filename="..\..\Quake\src\thirdparty\miniz.c">
			<Option compilerVar="CC" />
		</Unit>
		<Unit filename="..\..\Quake\include\miniz.h" />
		<Unit filename="..\..\Quake\include\modelgen.h" />
		<Unit filename="..\..\Quake\include\net.h" />
		<Unit filename="..\..\Quake\include\net_defs.h" />
		<Unit filename="..\..\Quake\src\network\net_dgrm.c">
			<Option compilerVar="CC" />
		</Unit>
		<Unit filename="..\..\Quake\include\net_dgrm.h" />
		<Unit filename="..\..\Quake\src\network\net_loop.c">
			<Option compilerVar="CC" />
		</Unit>
		<Unit filename="..\..\Quake\include\net_loop.h" />
		<Unit filename="..\..\Quake\src\network\net_main.c">
			<Option compilerVar="CC" />
		</Unit>
		<Unit filename="..\..\Quake\include\net_sys.h" />
		<Unit filename="..\..\Quake\src\network\net_win.c">
			<Option compilerVar="CC" />
		</Unit>
		<Unit filename="..\..\Quake\src\network\net_wins.c">
			<Option compilerVar="CC" />
		</Unit>
		<Unit filename="..\..\Quake\include\net_wins.h" />
		<Unit filename="..\..\Quake\src\network\net_wipx.c">
			<Option compilerVar="CC" />
		</Unit>
		<Unit filename="..\..\Quake\include\net_wipx.h" />
		<Unit filename="..\..\Quake\src\platform\pl_win.c">
			<Option compilerVar="CC" />
		</Unit>
		<Unit filename="..\..\Quake\include\platform.h" />
		<Unit filename="..\..\Quake\src\gamecode\pr_cmds.c">
			<Option compilerVar="CC" />
		</Unit>
		<Unit filename="..\..\Quake\include\pr_comp.h" />
		<Unit filename="..\..\Quake\src\gamecode\pr_edict.c">
			<Option compilerVar="CC" />
		</Unit>
		<Unit filename="..\..\Quake\src\gamecode\pr_exec.c">
			<Option compilerVar="CC" />
		</Unit>
		<Unit filename="..\..\Quake\include\progdefs.h" />
		<Unit filename="..\..\Quake\include\progs.h" />
		<Unit filename="..\..\Quake\include\protocol.h" />
		<Unit filename="..\..\Quake\include\q_sound.h" />
		<Unit filename="..\..\Quake\include\q_stdinc.h" />
		<Unit filename="..\..\Quake\include\qs_bmp.h" />
		<Unit filename="..\..\Quake\include\quakedef.h" />
		<Unit filename="..\..\Quake\src\render\r_alias.c">
			<Option compilerVar="CC" />
		</Unit>
		<Unit filename="..\..\Quake\src\render\r_brush.c">
			<Option compilerVar="CC" />
		</Unit>
		<Unit filename="..\..\Quake\src\render\r_part.c">
			<Option compilerVar="CC" />
		</Unit>
		<Unit filename="..\..\Quake\src\render\r_sprite.c">
			<Option compilerVar="CC" />
		</Unit>
		<Unit filename="..\..\Quake\src\render\r_world.c">
			<Option compilerVar="CC" />
		</Unit>
		<Unit filename="..\..\Quake\include\render.h" />
		<Unit filename="..\..\Quake\include\resource.h" />
		<Unit filename="..\..\Quake\src\ui\sbar.c">
			<Option compilerVar="CC" />
		</Unit>
		<Unit filename="..\..\Quake\include\sbar.h" />
		<Unit filename="..\..\Quake\include\screen.h" />
		<Unit filename="..\..\Quake\include\server.h" />
		<Unit filename="..\..\Quake\src\audio\snd_codec.c">
			<Option compilerVar="CC" />
		</Unit>
		<Unit filename="..\..\Quake\include\snd_codec.h" />
		<Unit filename="..\..\Quake\include\snd_codeci.h" />
		<Unit filename="..\..\Quake\src\audio\snd_dma.c">
			<Option compilerVar="CC" />
		</Unit>
		<Unit filename="..\..\Quake\src\audio\snd_flac.c">
			<Option compilerVar="CC" />
		</Unit>
		<Unit filename="..\..\Quake\include\snd_flac.h" />
		<Unit filename="..\..\Quake\src\audio\snd_mem.c">
			<Option compilerVar="CC" />
		</Unit>
		<Unit filename="..\..\Quake\src\audio\snd_mikmod.c">
			<Option compilerVar="CC" />
		</Unit>
		<Unit filename="..\..\Quake\include\snd_mikmod.h" />
		<Unit filename="..\..\Quake\src\audio\snd_mix.c">
			<Option compilerVar="CC" />
		</Unit>
		<Unit filename="..\..\Quake\src\audio\snd_modplug.c">
			<Option compilerVar="CC" />
		</Unit>
		<Unit filename="..\..\Quake\include\snd_modplug.h" />
		<Unit filename="..\..\Quake\src\audio\snd_mp3.c">
			<Option compilerVar="CC" />
		</Unit>
		<Unit filename="..\..\Quake\include\snd_mp3.h" />
		<Unit filename="..\..\Quake\src\audio\snd_mp3tag.c">
			<Option compilerVar="CC" />
		</Unit>
		<Unit filename="..\..\Quake\src\audio\snd_mpg123.c">
			<Option compilerVar="CC" />
+			<Option compile="0" />
+			<Option link="0" />
		</Unit>
		<Unit filename="..\..\Quake\src\audio\snd_opus.c">
			<Option compilerVar="CC" />
		</Unit>
		<Unit filename="..\..\Quake\include\snd_opus.h" />
		<Unit filename="..\..\Quake\src\audio\snd_sdl.c">
			<Option compilerVar="CC" />
		</Unit>
		<Unit filename="..\..\Quake\src\audio\snd_umx.c">
			<Option compilerVar="CC" />
		</Unit>
		<Unit filename="..\..\Quake\include\snd_umx.h" />
		<Unit filename="..\..\Quake\src\audio\snd_vorbis.c">
			<Option compilerVar="CC" />
		</Unit>
		<Unit filename="..\..\Quake\include\snd_vorbis.h" />
		<Unit filename="..\..\Quake\src\audio\snd_wave.c">
			<Option compilerVar="CC" />
		</Unit>
		<Unit filename="..\..\Quake\include\snd_wave.h" />
		<Unit filename="..\..\Quake\src\audio\snd_xmp.c">
			<Option compilerVar="CC" />
		</Unit>
		<Unit filename="..\..\Quake\include\snd_xmp.h" />
		<Unit filename="..\..\Quake\include\spritegn.h" />
		<Unit filename="..\..\Quake\include\strl_fn.h" />
		<Unit filename="..\..\Quake\src\core\strlcat.c">
			<Option compilerVar="CC" />
		</Unit>
		<Unit filename="..\..\Quake\src\core\strlcpy.c">
			<Option compilerVar="CC" />
		</Unit>
		<Unit filename="..\..\Quake\src\server\sv_main.c">
			<Option compilerVar="CC" />
		</Unit>
		<Unit filename="..\..\Quake\src\server\sv_move.c">
			<Option compilerVar="CC" />
		</Unit>
		<Unit filename="..\..\Quake\src\server\sv_phys.c">
			<Option compilerVar="CC" />
		</Unit>
		<Unit filename="..\..\Quake\src\server\sv_user.c">
			<Option compilerVar="CC" />
		</Unit>
		<Unit filename="..\..\Quake\include\sys.h" />
		<Unit filename="..\..\Quake\src\platform\sys_sdl_win.c">
			<Option compilerVar="CC" />
		</Unit>
		<Unit filename="..\..\Quake\include\vid.h" />
		<Unit filename="..\..\Quake\src\client\view.c">
			<Option compilerVar="CC" />
		</Unit>
		<Unit filename="..\..\Quake\include\view.h" />
		<Unit filename="..\..\Quake\src\assets\wad.c">
			<Option compilerVar="CC" />
		</Unit>
		<Unit filename="..\..\Quake\include\wad.h" />
		<Unit filename="..\..\Quake\src\server\world.c">
			<Option compilerVar="CC" />
		</Unit>
		<Unit filename="..\..\Quake\include\world.h" />
		<Unit filename="..\..\Quake\include\wsaerror.h" />
		<Unit filename="..\..\Quake\src\core\zone.c">
			<Option compilerVar="CC" />
		</Unit>
		<Unit filename="..\..\Quake\include\zone.h" />
		<Unit filename="..\QuakeSpasm.rc">
			<Option compilerVar="WINDRES" />
		</Unit>
		<Extensions>
			<code_completion />
			<envvars />
			<debugger />
			<lib_finder />
		</Extensions>
	</Project>
</CodeBlocks_project_file>
